
Microsoft Visual Studio Solution File, Format Version 12.00
# Visual Studio Version 16
VisualStudioVersion = 16.0.30611.23
MinimumVisualStudioVersion = 10.0.40219.1
Project("{FAE04EC0-301F-11D3-BF4B-00C04F79EFBC}") = "BinaryStringReplacement", "BinaryStringReplacement.csproj", "{7964D197-C00A-4761-9FDB-E15D898E1BA2}"
EndProject
Global
	GlobalSection(SolutionConfigurationPlatforms) = preSolution
		Debug|Any CPU = Debug|Any CPU
		ECL3_000|Any CPU = ECL3_000|Any CPU
		Game.ovr|Any CPU = Game.ovr|Any CPU
		Release|Any CPU = Release|Any CPU
		Start.exe|Any CPU = Start.exe|Any CPU
	EndGlobalSection
	GlobalSection(ProjectConfigurationPlatforms) = postSolution
		{7964D197-C00A-4761-9FDB-E15D898E1BA2}.Debug|Any CPU.ActiveCfg = Debug|Any CPU
		{7964D197-C00A-4761-9FDB-E15D898E1BA2}.Debug|Any CPU.Build.0 = Debug|Any CPU
		{7964D197-C00A-4761-9FDB-E15D898E1BA2}.ECL3_000|Any CPU.ActiveCfg = ECL3_000|Any CPU
		{7964D197-C00A-4761-9FDB-E15D898E1BA2}.ECL3_000|Any CPU.Build.0 = ECL3_000|Any CPU
		{7964D197-C00A-4761-9FDB-E15D898E1BA2}.Game.ovr|Any CPU.ActiveCfg = Game.ovr|Any CPU
		{7964D197-C00A-4761-9FDB-E15D898E1BA2}.Game.ovr|Any CPU.Build.0 = Game.ovr|Any CPU
		{7964D197-C00A-4761-9FDB-E15D898E1BA2}.Release|Any CPU.ActiveCfg = Release|Any CPU
		{7964D197-C00A-4761-9FDB-E15D898E1BA2}.Release|Any CPU.Build.0 = Release|Any CPU
		{7964D197-C00A-4761-9FDB-E15D898E1BA2}.Start.exe|Any CPU.ActiveCfg = Start.exe|Any CPU
		{7964D197-C00A-4761-9FDB-E15D898E1BA2}.Start.exe|Any CPU.Build.0 = Start.exe|Any CPU
	EndGlobalSection
	GlobalSection(SolutionProperties) = preSolution
		HideSolutionNode = FALSE
	EndGlobalSection
	GlobalSection(ExtensibilityGlobals) = postSolution
		SolutionGuid = {2F7E766F-06B3-4E1A-AA4F-1245FE133F23}
	EndGlobalSection
EndGlobal
